
Microsoft Visual Studio Solution File, Format Version 12.00
# Visual Studio 2013
VisualStudioVersion = 12.0.31101.0
MinimumVisualStudioVersion = 10.0.40219.1
Project("{FAE04EC0-301F-11D3-BF4B-00C04F79EFBC}") = "Demo Application", "DemoApplication\Demo Application.csproj", "{977FC0C6-4FDF-4DD9-AAC0-456D4D79C96C}"
EndProject
Project("{FAE04EC0-301F-11D3-BF4B-00C04F79EFBC}") = "Mehdime.Entity", "Mehdime.Entity\Mehdime.Entity.csproj", "{4830BAFD-4163-473E-B00F-65F274AC165F}"
EndProject
Global
	GlobalSection(SolutionConfigurationPlatforms) = preSolution
		Debug|Any CPU = Debug|Any CPU
		Release|Any CPU = Release|Any CPU
	EndGlobalSection
	GlobalSection(ProjectConfigurationPlatforms) = postSolution
		{977FC0C6-4FDF-4DD9-AAC0-456D4D79C96C}.Debug|Any CPU.ActiveCfg = Debug|Any CPU
		{977FC0C6-4FDF-4DD9-AAC0-456D4D79C96C}.Debug|Any CPU.Build.0 = Debug|Any CPU
		{977FC0C6-4FDF-4DD9-AAC0-456D4D79C96C}.Release|Any CPU.ActiveCfg = Release|Any CPU
		{977FC0C6-4FDF-4DD9-AAC0-456D4D79C96C}.Release|Any CPU.Build.0 = Release|Any CPU
		{4830BAFD-4163-473E-B00F-65F274AC165F}.Debug|Any CPU.ActiveCfg = Debug|Any CPU
		{4830BAFD-4163-473E-B00F-65F274AC165F}.Debug|Any CPU.Build.0 = Debug|Any CPU
		{4830BAFD-4163-473E-B00F-65F274AC165F}.Release|Any CPU.ActiveCfg = Release|Any CPU
		{4830BAFD-4163-473E-B00F-65F274AC165F}.Release|Any CPU.Build.0 = Release|Any CPU
	EndGlobalSection
	GlobalSection(SolutionProperties) = preSolution
		HideSolutionNode = FALSE
	EndGlobalSection
EndGlobal
